
Microsoft Visual Studio Solution File, Format Version 12.00
# Visual Studio Version 17
VisualStudioVersion = 17.14.36414.22
MinimumVisualStudioVersion = 10.0.40219.1
Project("{2150E333-8FDC-42A3-9474-1A3956D46DE8}") = "Services", "Services", "{02EA681E-C7D8-13C7-8484-4AC65E1B71E8}"
EndProject
Project("{FAE04EC0-301F-11D3-BF4B-00C04F79EFBC}") = "Catalog.API", "Services\Catalog.API\Catalog.API.csproj", "{48E59C27-1554-48D9-B563-13CC921F6747}"
EndProject
Project("{FAE04EC0-301F-11D3-BF4B-00C04F79EFBC}") = "Basket.API", "Services\Basket.API\Basket.API.csproj", "{8B1A806E-E360-426B-9BA6-28C98C300984}"
EndProject
Project("{FAE04EC0-301F-11D3-BF4B-00C04F79EFBC}") = "Discount.API", "Services\Discount.API\Discount.API.csproj", "{7E243377-0882-41B0-A21B-EF146D24F1BD}"
EndProject
Project("{FAE04EC0-301F-11D3-BF4B-00C04F79EFBC}") = "Discount.gRPC", "Services\Discount.gRPC\Discount.gRPC.csproj", "{463FBA50-7F70-45BB-BF21-83AB6B24533B}"
EndProject
Project("{2150E333-8FDC-42A3-9474-1A3956D46DE8}") = "Ordering", "Ordering", "{4D47FBEA-F77F-4B0C-80C1-212A6B7EFC0B}"
EndProject
Project("{FAE04EC0-301F-11D3-BF4B-00C04F79EFBC}") = "Ordering.API", "Services\Ordering\Ordering.API\Ordering.API.csproj", "{12A968F0-AE61-4B3A-BF0B-E9A7B2075751}"
EndProject
Global
	GlobalSection(SolutionConfigurationPlatforms) = preSolution
		Debug|Any CPU = Debug|Any CPU
		Release|Any CPU = Release|Any CPU
	EndGlobalSection
	GlobalSection(ProjectConfigurationPlatforms) = postSolution
		{48E59C27-1554-48D9-B563-13CC921F6747}.Debug|Any CPU.ActiveCfg = Debug|Any CPU
		{48E59C27-1554-48D9-B563-13CC921F6747}.Debug|Any CPU.Build.0 = Debug|Any CPU
		{48E59C27-1554-48D9-B563-13CC921F6747}.Release|Any CPU.ActiveCfg = Release|Any CPU
		{48E59C27-1554-48D9-B563-13CC921F6747}.Release|Any CPU.Build.0 = Release|Any CPU
		{8B1A806E-E360-426B-9BA6-28C98C300984}.Debug|Any CPU.ActiveCfg = Debug|Any CPU
		{8B1A806E-E360-426B-9BA6-28C98C300984}.Debug|Any CPU.Build.0 = Debug|Any CPU
		{8B1A806E-E360-426B-9BA6-28C98C300984}.Release|Any CPU.ActiveCfg = Release|Any CPU
		{8B1A806E-E360-426B-9BA6-28C98C300984}.Release|Any CPU.Build.0 = Release|Any CPU
		{7E243377-0882-41B0-A21B-EF146D24F1BD}.Debug|Any CPU.ActiveCfg = Debug|Any CPU
		{7E243377-0882-41B0-A21B-EF146D24F1BD}.Debug|Any CPU.Build.0 = Debug|Any CPU
		{7E243377-0882-41B0-A21B-EF146D24F1BD}.Release|Any CPU.ActiveCfg = Release|Any CPU
		{7E243377-0882-41B0-A21B-EF146D24F1BD}.Release|Any CPU.Build.0 = Release|Any CPU
		{463FBA50-7F70-45BB-BF21-83AB6B24533B}.Debug|Any CPU.ActiveCfg = Debug|Any CPU
		{463FBA50-7F70-45BB-BF21-83AB6B24533B}.Debug|Any CPU.Build.0 = Debug|Any CPU
		{463FBA50-7F70-45BB-BF21-83AB6B24533B}.Release|Any CPU.ActiveCfg = Release|Any CPU
		{463FBA50-7F70-45BB-BF21-83AB6B24533B}.Release|Any CPU.Build.0 = Release|Any CPU
		{12A968F0-AE61-4B3A-BF0B-E9A7B2075751}.Debug|Any CPU.ActiveCfg = Debug|Any CPU
		{12A968F0-AE61-4B3A-BF0B-E9A7B2075751}.Debug|Any CPU.Build.0 = Debug|Any CPU
		{12A968F0-AE61-4B3A-BF0B-E9A7B2075751}.Release|Any CPU.ActiveCfg = Release|Any CPU
		{12A968F0-AE61-4B3A-BF0B-E9A7B2075751}.Release|Any CPU.Build.0 = Release|Any CPU
	EndGlobalSection
	GlobalSection(SolutionProperties) = preSolution
		HideSolutionNode = FALSE
	EndGlobalSection
	GlobalSection(NestedProjects) = preSolution
		{48E59C27-1554-48D9-B563-13CC921F6747} = {02EA681E-C7D8-13C7-8484-4AC65E1B71E8}
		{8B1A806E-E360-426B-9BA6-28C98C300984} = {02EA681E-C7D8-13C7-8484-4AC65E1B71E8}
		{7E243377-0882-41B0-A21B-EF146D24F1BD} = {02EA681E-C7D8-13C7-8484-4AC65E1B71E8}
		{463FBA50-7F70-45BB-BF21-83AB6B24533B} = {02EA681E-C7D8-13C7-8484-4AC65E1B71E8}
		{4D47FBEA-F77F-4B0C-80C1-212A6B7EFC0B} = {02EA681E-C7D8-13C7-8484-4AC65E1B71E8}
		{12A968F0-AE61-4B3A-BF0B-E9A7B2075751} = {4D47FBEA-F77F-4B0C-80C1-212A6B7EFC0B}
	EndGlobalSection
	GlobalSection(ExtensibilityGlobals) = postSolution
		SolutionGuid = {20B709AF-A3BE-461C-9AAB-06E9DF1E0D95}
	EndGlobalSection
EndGlobal
